
Microsoft Visual Studio Solution File, Format Version 12.00
# Visual Studio Version 16
VisualStudioVersion = 16.0.30717.126
MinimumVisualStudioVersion = 10.0.40219.1
Project("{9A19103F-16F7-4668-BE54-9A1E7A4F7556}") = "Vrnz2.Challenge.CustomerConsumption.Runner", "Vrnz2.Challenge.CustomerConsumption.Runner\Vrnz2.Challenge.CustomerConsumption.Runner.csproj", "{F20DF483-BC49-4655-A0A1-E2ED904764B4}"
EndProject
Project("{9A19103F-16F7-4668-BE54-9A1E7A4F7556}") = "Vrnz2.Challenge.CustomerConsumption.Infra", "Vrnz2.Challenge.CustomerConsumption.Infra\Vrnz2.Challenge.CustomerConsumption.Infra.csproj", "{C6D24627-C16E-4C80-81B9-FDF7D756631C}"
EndProject
Project("{9A19103F-16F7-4668-BE54-9A1E7A4F7556}") = "Vrnz2.Challenge.CustomerConsumption", "Vrnz2.Challenge.CustomerConsumption\Vrnz2.Challenge.CustomerConsumption.csproj", "{7E62295E-0913-4146-82AD-F14A661CF33B}"
EndProject
Project("{FAE04EC0-301F-11D3-BF4B-00C04F79EFBC}") = "Vrnz2.Challenge.CustomerConsumption.Tests", "Vrnz2.Challenge.CustomerConsumption.Tests\Vrnz2.Challenge.CustomerConsumption.Tests.csproj", "{9B83D200-D26C-46E4-B2DC-388A94FB061F}"
EndProject
Global
	GlobalSection(SolutionConfigurationPlatforms) = preSolution
		Debug|Any CPU = Debug|Any CPU
		Release|Any CPU = Release|Any CPU
	EndGlobalSection
	GlobalSection(ProjectConfigurationPlatforms) = postSolution
		{F20DF483-BC49-4655-A0A1-E2ED904764B4}.Debug|Any CPU.ActiveCfg = Debug|Any CPU
		{F20DF483-BC49-4655-A0A1-E2ED904764B4}.Debug|Any CPU.Build.0 = Debug|Any CPU
		{F20DF483-BC49-4655-A0A1-E2ED904764B4}.Release|Any CPU.ActiveCfg = Release|Any CPU
		{F20DF483-BC49-4655-A0A1-E2ED904764B4}.Release|Any CPU.Build.0 = Release|Any CPU
		{C6D24627-C16E-4C80-81B9-FDF7D756631C}.Debug|Any CPU.ActiveCfg = Debug|Any CPU
		{C6D24627-C16E-4C80-81B9-FDF7D756631C}.Debug|Any CPU.Build.0 = Debug|Any CPU
		{C6D24627-C16E-4C80-81B9-FDF7D756631C}.Release|Any CPU.ActiveCfg = Release|Any CPU
		{C6D24627-C16E-4C80-81B9-FDF7D756631C}.Release|Any CPU.Build.0 = Release|Any CPU
		{7E62295E-0913-4146-82AD-F14A661CF33B}.Debug|Any CPU.ActiveCfg = Debug|Any CPU
		{7E62295E-0913-4146-82AD-F14A661CF33B}.Debug|Any CPU.Build.0 = Debug|Any CPU
		{7E62295E-0913-4146-82AD-F14A661CF33B}.Release|Any CPU.ActiveCfg = Release|Any CPU
		{7E62295E-0913-4146-82AD-F14A661CF33B}.Release|Any CPU.Build.0 = Release|Any CPU
		{9B83D200-D26C-46E4-B2DC-388A94FB061F}.Debug|Any CPU.ActiveCfg = Debug|Any CPU
		{9B83D200-D26C-46E4-B2DC-388A94FB061F}.Debug|Any CPU.Build.0 = Debug|Any CPU
		{9B83D200-D26C-46E4-B2DC-388A94FB061F}.Release|Any CPU.ActiveCfg = Release|Any CPU
		{9B83D200-D26C-46E4-B2DC-388A94FB061F}.Release|Any CPU.Build.0 = Release|Any CPU
	EndGlobalSection
	GlobalSection(SolutionProperties) = preSolution
		HideSolutionNode = FALSE
	EndGlobalSection
	GlobalSection(ExtensibilityGlobals) = postSolution
		SolutionGuid = {E0FD94A6-1CD7-4BB5-AA2B-A65502221D27}
	EndGlobalSection
EndGlobal
